
Microsoft Visual Studio Solution File, Format Version 12.00
# Visual Studio Version 17
VisualStudioVersion = 17.10.35013.160
MinimumVisualStudioVersion = 10.0.40219.1
Project("{FAE04EC0-301F-11D3-BF4B-00C04F79EFBC}") = "NitroType3", "NitroType3.csproj", "{2827FF8F-D23E-4B91-96D8-922081384787}"
EndProject
Global
	GlobalSection(SolutionConfigurationPlatforms) = preSolution
		Debug|Any CPU = Debug|Any CPU
		Release|Any CPU = Release|Any CPU
	EndGlobalSection
	GlobalSection(ProjectConfigurationPlatforms) = postSolution
		{2827FF8F-D23E-4B91-96D8-922081384787}.Debug|Any CPU.ActiveCfg = Debug|Any CPU
		{2827FF8F-D23E-4B91-96D8-922081384787}.Debug|Any CPU.Build.0 = Debug|Any CPU
		{2827FF8F-D23E-4B91-96D8-922081384787}.Release|Any CPU.ActiveCfg = Release|Any CPU
		{2827FF8F-D23E-4B91-96D8-922081384787}.Release|Any CPU.Build.0 = Release|Any CPU
	EndGlobalSection
	GlobalSection(SolutionProperties) = preSolution
		HideSolutionNode = FALSE
	EndGlobalSection
	GlobalSection(ExtensibilityGlobals) = postSolution
		SolutionGuid = {27791625-8A00-4086-A7FE-08F3B57CD1F9}
	EndGlobalSection
EndGlobal
